
Microsoft Visual Studio Solution File, Format Version 12.00
# Visual Studio Version 16
VisualStudioVersion = 16.0.35325.158
MinimumVisualStudioVersion = 10.0.40219.1
Project("{FAE04EC0-301F-11D3-BF4B-00C04F79EFBC}") = "Moodeng", "Moodeng\Moodeng.csproj", "{038EE350-C9CD-48EE-A300-041D6D2EF578}"
EndProject
Global
	GlobalSection(SolutionConfigurationPlatforms) = preSolution
		Debug|Any CPU = Debug|Any CPU
		Release|Any CPU = Release|Any CPU
	EndGlobalSection
	GlobalSection(ProjectConfigurationPlatforms) = postSolution
		{038EE350-C9CD-48EE-A300-041D6D2EF578}.Debug|Any CPU.ActiveCfg = Debug|Any CPU
		{038EE350-C9CD-48EE-A300-041D6D2EF578}.Debug|Any CPU.Build.0 = Debug|Any CPU
		{038EE350-C9CD-48EE-A300-041D6D2EF578}.Release|Any CPU.ActiveCfg = Release|Any CPU
		{038EE350-C9CD-48EE-A300-041D6D2EF578}.Release|Any CPU.Build.0 = Release|Any CPU
	EndGlobalSection
	GlobalSection(SolutionProperties) = preSolution
		HideSolutionNode = FALSE
	EndGlobalSection
	GlobalSection(ExtensibilityGlobals) = postSolution
		SolutionGuid = {D28FEF6D-47B6-48B5-89D8-B18474F9ED74}
	EndGlobalSection
EndGlobal
